
Microsoft Visual Studio Solution File, Format Version 12.00
# Visual Studio Version 17
VisualStudioVersion = 17.7.33920.267
MinimumVisualStudioVersion = 10.0.40219.1
Project("{9A19103F-16F7-4668-BE54-9A1E7A4F7556}") = "WPFMachine", "WPFMachine.csproj", "{F157D6DE-5C37-4521-8F5B-8DBFBFDC6A4B}"
EndProject
Global
	GlobalSection(SolutionConfigurationPlatforms) = preSolution
		Debug|Any CPU = Debug|Any CPU
		Release|Any CPU = Release|Any CPU
	EndGlobalSection
	GlobalSection(ProjectConfigurationPlatforms) = postSolution
		{F157D6DE-5C37-4521-8F5B-8DBFBFDC6A4B}.Debug|Any CPU.ActiveCfg = Debug|Any CPU
		{F157D6DE-5C37-4521-8F5B-8DBFBFDC6A4B}.Debug|Any CPU.Build.0 = Debug|Any CPU
		{F157D6DE-5C37-4521-8F5B-8DBFBFDC6A4B}.Release|Any CPU.ActiveCfg = Release|Any CPU
		{F157D6DE-5C37-4521-8F5B-8DBFBFDC6A4B}.Release|Any CPU.Build.0 = Release|Any CPU
	EndGlobalSection
	GlobalSection(SolutionProperties) = preSolution
		HideSolutionNode = FALSE
	EndGlobalSection
	GlobalSection(ExtensibilityGlobals) = postSolution
		SolutionGuid = {5466C7EF-DD58-4EE7-BA45-BB5B9015887A}
	EndGlobalSection
EndGlobal
